
Microsoft Visual Studio Solution File, Format Version 12.00
# Visual Studio 15
Project("{FAE04EC0-301F-11D3-BF4B-00C04F79EFBC}") = "Assembly-CSharp", "Assembly-CSharp.csproj", "{CD7D30C0-BB18-4365-C7FF-22DD853C21B3}"
EndProject
Project("{FAE04EC0-301F-11D3-BF4B-00C04F79EFBC}") = "NavMeshComponents", "NavMeshComponents.csproj", "{602F4D7D-C1EE-C5F1-D2DA-51AF1CC6A9A3}"
EndProject
Project("{FAE04EC0-301F-11D3-BF4B-00C04F79EFBC}") = "Assembly-CSharp-Editor", "Assembly-CSharp-Editor.csproj", "{3C94888D-60FC-5894-4A9A-8C06B26BC825}"
EndProject
Project("{FAE04EC0-301F-11D3-BF4B-00C04F79EFBC}") = "NavMeshComponentsEditor", "NavMeshComponentsEditor.csproj", "{9470CA77-C0AF-E2A7-E7A3-75031D1F840E}"
EndProject
Global
	GlobalSection(SolutionConfigurationPlatforms) = preSolution
		Debug|Any CPU = Debug|Any CPU
		Release|Any CPU = Release|Any CPU
	EndGlobalSection
	GlobalSection(ProjectConfigurationPlatforms) = postSolution
		{CD7D30C0-BB18-4365-C7FF-22DD853C21B3}.Debug|Any CPU.ActiveCfg = Debug|Any CPU
		{CD7D30C0-BB18-4365-C7FF-22DD853C21B3}.Debug|Any CPU.Build.0 = Debug|Any CPU
		{CD7D30C0-BB18-4365-C7FF-22DD853C21B3}.Release|Any CPU.ActiveCfg = Release|Any CPU
		{CD7D30C0-BB18-4365-C7FF-22DD853C21B3}.Release|Any CPU.Build.0 = Release|Any CPU
		{602F4D7D-C1EE-C5F1-D2DA-51AF1CC6A9A3}.Debug|Any CPU.ActiveCfg = Debug|Any CPU
		{602F4D7D-C1EE-C5F1-D2DA-51AF1CC6A9A3}.Debug|Any CPU.Build.0 = Debug|Any CPU
		{602F4D7D-C1EE-C5F1-D2DA-51AF1CC6A9A3}.Release|Any CPU.ActiveCfg = Release|Any CPU
		{602F4D7D-C1EE-C5F1-D2DA-51AF1CC6A9A3}.Release|Any CPU.Build.0 = Release|Any CPU
		{3C94888D-60FC-5894-4A9A-8C06B26BC825}.Debug|Any CPU.ActiveCfg = Debug|Any CPU
		{3C94888D-60FC-5894-4A9A-8C06B26BC825}.Debug|Any CPU.Build.0 = Debug|Any CPU
		{3C94888D-60FC-5894-4A9A-8C06B26BC825}.Release|Any CPU.ActiveCfg = Release|Any CPU
		{3C94888D-60FC-5894-4A9A-8C06B26BC825}.Release|Any CPU.Build.0 = Release|Any CPU
		{9470CA77-C0AF-E2A7-E7A3-75031D1F840E}.Debug|Any CPU.ActiveCfg = Debug|Any CPU
		{9470CA77-C0AF-E2A7-E7A3-75031D1F840E}.Debug|Any CPU.Build.0 = Debug|Any CPU
		{9470CA77-C0AF-E2A7-E7A3-75031D1F840E}.Release|Any CPU.ActiveCfg = Release|Any CPU
		{9470CA77-C0AF-E2A7-E7A3-75031D1F840E}.Release|Any CPU.Build.0 = Release|Any CPU
	EndGlobalSection
	GlobalSection(SolutionProperties) = preSolution
		HideSolutionNode = FALSE
	EndGlobalSection
EndGlobal
